
Microsoft Visual Studio Solution File, Format Version 12.00
# Visual Studio 14
VisualStudioVersion = 14.0.25420.1
MinimumVisualStudioVersion = 10.0.40219.1
Project("{8BB2217D-0F2D-49D1-97BC-3654ED321F3B}") = "TListener", "TListener\TListener.xproj", "{50DE6A17-B019-4BCC-8D0B-A024EAA5A285}"
EndProject
Project("{8BB2217D-0F2D-49D1-97BC-3654ED321F3B}") = "TListener.Test", "TListener.Test\TListener.Test.xproj", "{81C5E97E-5488-4EF7-9754-CA98F406FC07}"
EndProject
Global
	GlobalSection(SolutionConfigurationPlatforms) = preSolution
		Debug|Any CPU = Debug|Any CPU
		Release|Any CPU = Release|Any CPU
	EndGlobalSection
	GlobalSection(ProjectConfigurationPlatforms) = postSolution
		{50DE6A17-B019-4BCC-8D0B-A024EAA5A285}.Debug|Any CPU.ActiveCfg = Debug|Any CPU
		{50DE6A17-B019-4BCC-8D0B-A024EAA5A285}.Debug|Any CPU.Build.0 = Debug|Any CPU
		{50DE6A17-B019-4BCC-8D0B-A024EAA5A285}.Release|Any CPU.ActiveCfg = Release|Any CPU
		{50DE6A17-B019-4BCC-8D0B-A024EAA5A285}.Release|Any CPU.Build.0 = Release|Any CPU
		{81C5E97E-5488-4EF7-9754-CA98F406FC07}.Debug|Any CPU.ActiveCfg = Debug|Any CPU
		{81C5E97E-5488-4EF7-9754-CA98F406FC07}.Debug|Any CPU.Build.0 = Debug|Any CPU
		{81C5E97E-5488-4EF7-9754-CA98F406FC07}.Release|Any CPU.ActiveCfg = Release|Any CPU
		{81C5E97E-5488-4EF7-9754-CA98F406FC07}.Release|Any CPU.Build.0 = Release|Any CPU
	EndGlobalSection
	GlobalSection(SolutionProperties) = preSolution
		HideSolutionNode = FALSE
	EndGlobalSection
EndGlobal
